
Microsoft Visual Studio Solution File, Format Version 12.00
# Visual Studio 15
VisualStudioVersion = 15.0.28307.271
MinimumVisualStudioVersion = 10.0.40219.1
Project("{FAE04EC0-301F-11D3-BF4B-00C04F79EFBC}") = "Chapter 8 - 9", "Chapter 8 - 9\Chapter 8 - 9.csproj", "{44C63D98-D751-4F27-8958-470104E349A5}"
EndProject
Global
	GlobalSection(SolutionConfigurationPlatforms) = preSolution
		Debug|Any CPU = Debug|Any CPU
		Release|Any CPU = Release|Any CPU
	EndGlobalSection
	GlobalSection(ProjectConfigurationPlatforms) = postSolution
		{44C63D98-D751-4F27-8958-470104E349A5}.Debug|Any CPU.ActiveCfg = Debug|Any CPU
		{44C63D98-D751-4F27-8958-470104E349A5}.Debug|Any CPU.Build.0 = Debug|Any CPU
		{44C63D98-D751-4F27-8958-470104E349A5}.Release|Any CPU.ActiveCfg = Release|Any CPU
		{44C63D98-D751-4F27-8958-470104E349A5}.Release|Any CPU.Build.0 = Release|Any CPU
	EndGlobalSection
	GlobalSection(SolutionProperties) = preSolution
		HideSolutionNode = FALSE
	EndGlobalSection
	GlobalSection(ExtensibilityGlobals) = postSolution
		SolutionGuid = {F327914B-1042-410A-8BEE-A6DFAA122358}
	EndGlobalSection
EndGlobal
